
Microsoft Visual Studio Solution File, Format Version 12.00
# Visual Studio Version 16
VisualStudioVersion = 16.0.31005.135
MinimumVisualStudioVersion = 10.0.40219.1
Project("{9A19103F-16F7-4668-BE54-9A1E7A4F7556}") = "Entities", "Entities\Entities.csproj", "{77701D14-E9AE-4140-8368-EB8C794A4A65}"
EndProject
Project("{9A19103F-16F7-4668-BE54-9A1E7A4F7556}") = "DataAccess", "DataAccess\DataAccess.csproj", "{DC738827-857C-4239-B981-7B729E0006D3}"
EndProject
Project("{9A19103F-16F7-4668-BE54-9A1E7A4F7556}") = "Business", "Business\Business.csproj", "{4CA66C4C-40F7-4B2A-BDF1-87321725ADDD}"
EndProject
Project("{9A19103F-16F7-4668-BE54-9A1E7A4F7556}") = "ConsoleUI", "ConsoleUI\ConsoleUI.csproj", "{6F9EE8B9-ADA9-43AF-BD3D-48EE115B5F39}"
EndProject
Global
	GlobalSection(SolutionConfigurationPlatforms) = preSolution
		Debug|Any CPU = Debug|Any CPU
		Release|Any CPU = Release|Any CPU
	EndGlobalSection
	GlobalSection(ProjectConfigurationPlatforms) = postSolution
		{77701D14-E9AE-4140-8368-EB8C794A4A65}.Debug|Any CPU.ActiveCfg = Debug|Any CPU
		{77701D14-E9AE-4140-8368-EB8C794A4A65}.Debug|Any CPU.Build.0 = Debug|Any CPU
		{77701D14-E9AE-4140-8368-EB8C794A4A65}.Release|Any CPU.ActiveCfg = Release|Any CPU
		{77701D14-E9AE-4140-8368-EB8C794A4A65}.Release|Any CPU.Build.0 = Release|Any CPU
		{DC738827-857C-4239-B981-7B729E0006D3}.Debug|Any CPU.ActiveCfg = Debug|Any CPU
		{DC738827-857C-4239-B981-7B729E0006D3}.Debug|Any CPU.Build.0 = Debug|Any CPU
		{DC738827-857C-4239-B981-7B729E0006D3}.Release|Any CPU.ActiveCfg = Release|Any CPU
		{DC738827-857C-4239-B981-7B729E0006D3}.Release|Any CPU.Build.0 = Release|Any CPU
		{4CA66C4C-40F7-4B2A-BDF1-87321725ADDD}.Debug|Any CPU.ActiveCfg = Debug|Any CPU
		{4CA66C4C-40F7-4B2A-BDF1-87321725ADDD}.Debug|Any CPU.Build.0 = Debug|Any CPU
		{4CA66C4C-40F7-4B2A-BDF1-87321725ADDD}.Release|Any CPU.ActiveCfg = Release|Any CPU
		{4CA66C4C-40F7-4B2A-BDF1-87321725ADDD}.Release|Any CPU.Build.0 = Release|Any CPU
		{6F9EE8B9-ADA9-43AF-BD3D-48EE115B5F39}.Debug|Any CPU.ActiveCfg = Debug|Any CPU
		{6F9EE8B9-ADA9-43AF-BD3D-48EE115B5F39}.Debug|Any CPU.Build.0 = Debug|Any CPU
		{6F9EE8B9-ADA9-43AF-BD3D-48EE115B5F39}.Release|Any CPU.ActiveCfg = Release|Any CPU
		{6F9EE8B9-ADA9-43AF-BD3D-48EE115B5F39}.Release|Any CPU.Build.0 = Release|Any CPU
	EndGlobalSection
	GlobalSection(SolutionProperties) = preSolution
		HideSolutionNode = FALSE
	EndGlobalSection
	GlobalSection(ExtensibilityGlobals) = postSolution
		SolutionGuid = {5EA2A071-445F-4664-AF49-9DA622B03CA1}
	EndGlobalSection
EndGlobal
